
Microsoft Visual Studio Solution File, Format Version 12.00
# Visual Studio 15
VisualStudioVersion = 15.0.27130.2027
MinimumVisualStudioVersion = 10.0.40219.1
Project("{FAE04EC0-301F-11D3-BF4B-00C04F79EFBC}") = "CollectionsTypeProject", "CollectionsTypeProject\CollectionsTypeProject.csproj", "{1AF0443F-D9E4-4523-9AE2-FAF72110CBC1}"
EndProject
Global
	GlobalSection(SolutionConfigurationPlatforms) = preSolution
		Debug|Any CPU = Debug|Any CPU
		Release|Any CPU = Release|Any CPU
	EndGlobalSection
	GlobalSection(ProjectConfigurationPlatforms) = postSolution
		{1AF0443F-D9E4-4523-9AE2-FAF72110CBC1}.Debug|Any CPU.ActiveCfg = Debug|Any CPU
		{1AF0443F-D9E4-4523-9AE2-FAF72110CBC1}.Debug|Any CPU.Build.0 = Debug|Any CPU
		{1AF0443F-D9E4-4523-9AE2-FAF72110CBC1}.Release|Any CPU.ActiveCfg = Release|Any CPU
		{1AF0443F-D9E4-4523-9AE2-FAF72110CBC1}.Release|Any CPU.Build.0 = Release|Any CPU
	EndGlobalSection
	GlobalSection(SolutionProperties) = preSolution
		HideSolutionNode = FALSE
	EndGlobalSection
	GlobalSection(ExtensibilityGlobals) = postSolution
		SolutionGuid = {73973303-3C76-4E6D-A6AF-A7AFD8EF8CED}
	EndGlobalSection
EndGlobal
